
Microsoft Visual Studio Solution File, Format Version 12.00
# Visual Studio Version 17
VisualStudioVersion = 17.14.37027.9
MinimumVisualStudioVersion = 10.0.40219.1
Project("{FAE04EC0-301F-11D3-BF4B-00C04F79EFBC}") = "DemoCheats", "DemoCheats\DemoCheats.csproj", "{C33921DC-5778-4EEC-A2D0-E0AE522CC701}"
EndProject
Project("{2150E333-8FDC-42A3-9474-1A3956D46DE8}") = "Solution Items", "Solution Items", "{8EC462FD-D22E-90A8-E5CE-7E832BA40C5D}"
	ProjectSection(SolutionItems) = preProject
		README.md = README.md
	EndProjectSection
EndProject
Global
	GlobalSection(SolutionConfigurationPlatforms) = preSolution
		Debug|Any CPU = Debug|Any CPU
		Debug|x64 = Debug|x64
		Release|Any CPU = Release|Any CPU
		Release|x64 = Release|x64
	EndGlobalSection
	GlobalSection(ProjectConfigurationPlatforms) = postSolution
		{C33921DC-5778-4EEC-A2D0-E0AE522CC701}.Debug|Any CPU.ActiveCfg = Debug|Any CPU
		{C33921DC-5778-4EEC-A2D0-E0AE522CC701}.Debug|Any CPU.Build.0 = Debug|Any CPU
		{C33921DC-5778-4EEC-A2D0-E0AE522CC701}.Debug|x64.ActiveCfg = Debug|x64
		{C33921DC-5778-4EEC-A2D0-E0AE522CC701}.Debug|x64.Build.0 = Debug|x64
		{C33921DC-5778-4EEC-A2D0-E0AE522CC701}.Release|Any CPU.ActiveCfg = Release|Any CPU
		{C33921DC-5778-4EEC-A2D0-E0AE522CC701}.Release|Any CPU.Build.0 = Release|Any CPU
		{C33921DC-5778-4EEC-A2D0-E0AE522CC701}.Release|x64.ActiveCfg = Release|x64
		{C33921DC-5778-4EEC-A2D0-E0AE522CC701}.Release|x64.Build.0 = Release|x64
	EndGlobalSection
	GlobalSection(SolutionProperties) = preSolution
		HideSolutionNode = FALSE
	EndGlobalSection
	GlobalSection(ExtensibilityGlobals) = postSolution
		SolutionGuid = {B1561C26-3926-43CF-B891-7E7D7E065918}
	EndGlobalSection
EndGlobal
